
Microsoft Visual Studio Solution File, Format Version 12.00
# Visual Studio Version 16
VisualStudioVersion = 16.0.29905.134
MinimumVisualStudioVersion = 10.0.40219.1
Project("{FAE04EC0-301F-11D3-BF4B-00C04F79EFBC}") = "SchoolAPI", "SchoolAPI\SchoolAPI.csproj", "{0DCC6ADD-DFE3-4B2D-8B70-BBCEF27EE131}"
EndProject
Global
	GlobalSection(SolutionConfigurationPlatforms) = preSolution
		Debug|Any CPU = Debug|Any CPU
		Release|Any CPU = Release|Any CPU
	EndGlobalSection
	GlobalSection(ProjectConfigurationPlatforms) = postSolution
		{0DCC6ADD-DFE3-4B2D-8B70-BBCEF27EE131}.Debug|Any CPU.ActiveCfg = Debug|Any CPU
		{0DCC6ADD-DFE3-4B2D-8B70-BBCEF27EE131}.Debug|Any CPU.Build.0 = Debug|Any CPU
		{0DCC6ADD-DFE3-4B2D-8B70-BBCEF27EE131}.Release|Any CPU.ActiveCfg = Release|Any CPU
		{0DCC6ADD-DFE3-4B2D-8B70-BBCEF27EE131}.Release|Any CPU.Build.0 = Release|Any CPU
	EndGlobalSection
	GlobalSection(SolutionProperties) = preSolution
		HideSolutionNode = FALSE
	EndGlobalSection
	GlobalSection(ExtensibilityGlobals) = postSolution
		SolutionGuid = {27AC6A21-74D6-4727-AFB8-766C53D09F9C}
	EndGlobalSection
EndGlobal
